// !$*UTF8*$!
{
	archiveVersion = 1;
	classes = {
	};
	objectVersion = 56;
	objects = {

/* Begin PBXBuildFile section */
		D73E52352A28B8700019BC95 /* AppDelegate.swift in Sources */ = {isa = PBXBuildFile; fileRef = D73E52342A28B8700019BC95 /* AppDelegate.swift */; };
		D73E52372A28B8700019BC95 /* SceneDelegate.swift in Sources */ = {isa = PBXBuildFile; fileRef = D73E52362A28B8700019BC95 /* SceneDelegate.swift */; };
		D73E52392A28B8700019BC95 /* MainScreenViewController.swift in Sources */ = {isa = PBXBuildFile; fileRef = D73E52382A28B8700019BC95 /* MainScreenViewController.swift */; };
		D73E523E2A28B8720019BC95 /* Assets.xcassets in Resources */ = {isa = PBXBuildFile; fileRef = D73E523D2A28B8720019BC95 /* Assets.xcassets */; };
		D73E52412A28B8720019BC95 /* LaunchScreen.storyboard in Resources */ = {isa = PBXBuildFile; fileRef = D73E523F2A28B8720019BC95 /* LaunchScreen.storyboard */; };
		D77EE8EA2A2922E30023EC07 /* NCTextField.swift in Sources */ = {isa = PBXBuildFile; fileRef = D77EE8E92A2922E30023EC07 /* NCTextField.swift */; };
		D77EE8EE2A2924F80023EC07 /* NCSendButton.swift in Sources */ = {isa = PBXBuildFile; fileRef = D77EE8ED2A2924F80023EC07 /* NCSendButton.swift */; };
		D77EE8F12A2929180023EC07 /* NCTitleLabel.swift in Sources */ = {isa = PBXBuildFile; fileRef = D77EE8F02A2929180023EC07 /* NCTitleLabel.swift */; };
		D77EE8F42A2936310023EC07 /* UIViewControllerExt.swift in Sources */ = {isa = PBXBuildFile; fileRef = D77EE8F32A2936310023EC07 /* UIViewControllerExt.swift */; };
		D77EE8F72A293A830023EC07 /* MessageCell.swift in Sources */ = {isa = PBXBuildFile; fileRef = D77EE8F62A293A830023EC07 /* MessageCell.swift */; };
		D77EE8F92A293AE80023EC07 /* Constants.swift in Sources */ = {isa = PBXBuildFile; fileRef = D77EE8F82A293AE80023EC07 /* Constants.swift */; };
		D77EE8FD2A29B4DF0023EC07 /* ImageView.swift in Sources */ = {isa = PBXBuildFile; fileRef = D77EE8FC2A29B4DF0023EC07 /* ImageView.swift */; };
		D79B8C7E2A2B5595003786F0 /* EmptyView.swift in Sources */ = {isa = PBXBuildFile; fileRef = D79B8C7D2A2B5595003786F0 /* EmptyView.swift */; };
		D7A94F022A2A233F00835299 /* NCBodyLabel.swift in Sources */ = {isa = PBXBuildFile; fileRef = D7A94F012A2A233F00835299 /* NCBodyLabel.swift */; };
		D7A94F042A2A255700835299 /* MainScreenPresenter.swift in Sources */ = {isa = PBXBuildFile; fileRef = D7A94F032A2A255700835299 /* MainScreenPresenter.swift */; };
		D7A94F062A2A2A3600835299 /* MessageResponse.swift in Sources */ = {isa = PBXBuildFile; fileRef = D7A94F052A2A2A3600835299 /* MessageResponse.swift */; };
		D7A94F082A2A307300835299 /* DateExt.swift in Sources */ = {isa = PBXBuildFile; fileRef = D7A94F072A2A307200835299 /* DateExt.swift */; };
		D7A94F0B2A2A4C0200835299 /* ModuleBuilder.swift in Sources */ = {isa = PBXBuildFile; fileRef = D7A94F0A2A2A4C0200835299 /* ModuleBuilder.swift */; };
		D7AE408A2A2C924100FEB944 /* DetailMessageVC.swift in Sources */ = {isa = PBXBuildFile; fileRef = D7AE40892A2C924100FEB944 /* DetailMessageVC.swift */; };
		D7AE408C2A2C93B800FEB944 /* UserInfoHeaderVC.swift in Sources */ = {isa = PBXBuildFile; fileRef = D7AE408B2A2C93B800FEB944 /* UserInfoHeaderVC.swift */; };
		D7BBD46B2A2DB492005619C7 /* StorageManager.swift in Sources */ = {isa = PBXBuildFile; fileRef = D7BBD46A2A2DB492005619C7 /* StorageManager.swift */; };
		D7BBD46E2A2DF4EB005619C7 /* TableViewExt.swift in Sources */ = {isa = PBXBuildFile; fileRef = D7BBD46D2A2DF4EB005619C7 /* TableViewExt.swift */; };
		D7BBD4702A2DFBDF005619C7 /* DataLoadingView.swift in Sources */ = {isa = PBXBuildFile; fileRef = D7BBD46F2A2DFBDF005619C7 /* DataLoadingView.swift */; };
		D7C96DEC2A2CCF970051CD49 /* MessageContainer.swift in Sources */ = {isa = PBXBuildFile; fileRef = D7C96DEB2A2CCF970051CD49 /* MessageContainer.swift */; };
		D7C96DF52A2D11380051CD49 /* Messages.xcdatamodeld in Sources */ = {isa = PBXBuildFile; fileRef = D7C96DF32A2D11380051CD49 /* Messages.xcdatamodeld */; };
		D7C96DFE2A2D138E0051CD49 /* CoreDataStack.swift in Sources */ = {isa = PBXBuildFile; fileRef = D7C96DFD2A2D138E0051CD49 /* CoreDataStack.swift */; };
		D7C96E012A2D14990051CD49 /* MessageModel+CoreDataClass.swift in Sources */ = {isa = PBXBuildFile; fileRef = D7C96DFF2A2D14990051CD49 /* MessageModel+CoreDataClass.swift */; };
		D7C96E022A2D14990051CD49 /* MessageModel+CoreDataProperties.swift in Sources */ = {isa = PBXBuildFile; fileRef = D7C96E002A2D14990051CD49 /* MessageModel+CoreDataProperties.swift */; };
		D7E33D9C2A28E44C0085D574 /* MessageModel.swift in Sources */ = {isa = PBXBuildFile; fileRef = D7E33D9B2A28E44C0085D574 /* MessageModel.swift */; };
		D7E33DA02A28E5B70085D574 /* ChatTextfieldVC.swift in Sources */ = {isa = PBXBuildFile; fileRef = D7E33D9F2A28E5B70085D574 /* ChatTextfieldVC.swift */; };
		D7EDF9EE2A28CC68003E8D1D /* NetworkManager.swift in Sources */ = {isa = PBXBuildFile; fileRef = D7EDF9ED2A28CC68003E8D1D /* NetworkManager.swift */; };
		D7EDF9F02A28CCA1003E8D1D /* NetworkProtocol.swift in Sources */ = {isa = PBXBuildFile; fileRef = D7EDF9EF2A28CCA0003E8D1D /* NetworkProtocol.swift */; };
		D7EDF9F32A28CDD8003E8D1D /* ErrorMessage.swift in Sources */ = {isa = PBXBuildFile; fileRef = D7EDF9F22A28CDD8003E8D1D /* ErrorMessage.swift */; };
		D7EDF9F52A28D1B6003E8D1D /* Endpoints.swift in Sources */ = {isa = PBXBuildFile; fileRef = D7EDF9F42A28D1B6003E8D1D /* Endpoints.swift */; };
/* End PBXBuildFile section */

/* Begin PBXFileReference section */
		D73E52312A28B8700019BC95 /* NumiaChat.app */ = {isa = PBXFileReference; explicitFileType = wrapper.application; includeInIndex = 0; path = NumiaChat.app; sourceTree = BUILT_PRODUCTS_DIR; };
		D73E52342A28B8700019BC95 /* AppDelegate.swift */ = {isa = PBXFileReference; lastKnownFileType = sourcecode.swift; path = AppDelegate.swift; sourceTree = "<group>"; };
		D73E52362A28B8700019BC95 /* SceneDelegate.swift */ = {isa = PBXFileReference; indentWidth = 4; lastKnownFileType = sourcecode.swift; path = SceneDelegate.swift; sourceTree = "<group>"; tabWidth = 4; usesTabs = 1; };
		D73E52382A28B8700019BC95 /* MainScreenViewController.swift */ = {isa = PBXFileReference; indentWidth = 4; lastKnownFileType = sourcecode.swift; path = MainScreenViewController.swift; sourceTree = "<group>"; tabWidth = 2; };
		D73E523D2A28B8720019BC95 /* Assets.xcassets */ = {isa = PBXFileReference; lastKnownFileType = folder.assetcatalog; path = Assets.xcassets; sourceTree = "<group>"; };
		D73E52402A28B8720019BC95 /* Base */ = {isa = PBXFileReference; lastKnownFileType = file.storyboard; name = Base; path = Base.lproj/LaunchScreen.storyboard; sourceTree = "<group>"; };
		D73E52422A28B8720019BC95 /* Info.plist */ = {isa = PBXFileReference; lastKnownFileType = text.plist.xml; path = Info.plist; sourceTree = "<group>"; };
		D77EE8E92A2922E30023EC07 /* NCTextField.swift */ = {isa = PBXFileReference; lastKnownFileType = sourcecode.swift; path = NCTextField.swift; sourceTree = "<group>"; };
		D77EE8ED2A2924F80023EC07 /* NCSendButton.swift */ = {isa = PBXFileReference; lastKnownFileType = sourcecode.swift; path = NCSendButton.swift; sourceTree = "<group>"; };
		D77EE8F02A2929180023EC07 /* NCTitleLabel.swift */ = {isa = PBXFileReference; lastKnownFileType = sourcecode.swift; path = NCTitleLabel.swift; sourceTree = "<group>"; };
		D77EE8F32A2936310023EC07 /* UIViewControllerExt.swift */ = {isa = PBXFileReference; lastKnownFileType = sourcecode.swift; path = UIViewControllerExt.swift; sourceTree = "<group>"; };
		D77EE8F62A293A830023EC07 /* MessageCell.swift */ = {isa = PBXFileReference; lastKnownFileType = sourcecode.swift; path = MessageCell.swift; sourceTree = "<group>"; };
		D77EE8F82A293AE80023EC07 /* Constants.swift */ = {isa = PBXFileReference; lastKnownFileType = sourcecode.swift; path = Constants.swift; sourceTree = "<group>"; };
		D77EE8FC2A29B4DF0023EC07 /* ImageView.swift */ = {isa = PBXFileReference; lastKnownFileType = sourcecode.swift; path = ImageView.swift; sourceTree = "<group>"; };
		D79B8C7D2A2B5595003786F0 /* EmptyView.swift */ = {isa = PBXFileReference; lastKnownFileType = sourcecode.swift; path = EmptyView.swift; sourceTree = "<group>"; };
		D7A94F012A2A233F00835299 /* NCBodyLabel.swift */ = {isa = PBXFileReference; lastKnownFileType = sourcecode.swift; path = NCBodyLabel.swift; sourceTree = "<group>"; };
		D7A94F032A2A255700835299 /* MainScreenPresenter.swift */ = {isa = PBXFileReference; lastKnownFileType = sourcecode.swift; name = MainScreenPresenter.swift; path = ../../../../../../../Desktop/MainScreenPresenter.swift; sourceTree = "<group>"; };
		D7A94F052A2A2A3600835299 /* MessageResponse.swift */ = {isa = PBXFileReference; lastKnownFileType = sourcecode.swift; path = MessageResponse.swift; sourceTree = "<group>"; };
		D7A94F072A2A307200835299 /* DateExt.swift */ = {isa = PBXFileReference; lastKnownFileType = sourcecode.swift; path = DateExt.swift; sourceTree = "<group>"; };
		D7A94F0A2A2A4C0200835299 /* ModuleBuilder.swift */ = {isa = PBXFileReference; lastKnownFileType = sourcecode.swift; path = ModuleBuilder.swift; sourceTree = "<group>"; };
		D7AE40892A2C924100FEB944 /* DetailMessageVC.swift */ = {isa = PBXFileReference; lastKnownFileType = sourcecode.swift; path = DetailMessageVC.swift; sourceTree = "<group>"; };
		D7AE408B2A2C93B800FEB944 /* UserInfoHeaderVC.swift */ = {isa = PBXFileReference; lastKnownFileType = sourcecode.swift; name = UserInfoHeaderVC.swift; path = ../../../../../../../Desktop/UserInfoHeaderVC.swift; sourceTree = "<group>"; };
		D7BBD46A2A2DB492005619C7 /* StorageManager.swift */ = {isa = PBXFileReference; lastKnownFileType = sourcecode.swift; path = StorageManager.swift; sourceTree = "<group>"; };
		D7BBD46D2A2DF4EB005619C7 /* TableViewExt.swift */ = {isa = PBXFileReference; lastKnownFileType = sourcecode.swift; path = TableViewExt.swift; sourceTree = "<group>"; };
		D7BBD46F2A2DFBDF005619C7 /* DataLoadingView.swift */ = {isa = PBXFileReference; lastKnownFileType = sourcecode.swift; path = DataLoadingView.swift; sourceTree = "<group>"; };
		D7C96DEB2A2CCF970051CD49 /* MessageContainer.swift */ = {isa = PBXFileReference; lastKnownFileType = sourcecode.swift; path = MessageContainer.swift; sourceTree = "<group>"; };
		D7C96DF42A2D11380051CD49 /* Message.xcdatamodel */ = {isa = PBXFileReference; lastKnownFileType = wrapper.xcdatamodel; path = Message.xcdatamodel; sourceTree = "<group>"; };
		D7C96DFD2A2D138E0051CD49 /* CoreDataStack.swift */ = {isa = PBXFileReference; lastKnownFileType = sourcecode.swift; name = CoreDataStack.swift; path = ../../../../CoreDataStack.swift; sourceTree = "<group>"; };
		D7C96DFF2A2D14990051CD49 /* MessageModel+CoreDataClass.swift */ = {isa = PBXFileReference; lastKnownFileType = sourcecode.swift; path = "MessageModel+CoreDataClass.swift"; sourceTree = "<group>"; };
		D7C96E002A2D14990051CD49 /* MessageModel+CoreDataProperties.swift */ = {isa = PBXFileReference; lastKnownFileType = sourcecode.swift; path = "MessageModel+CoreDataProperties.swift"; sourceTree = "<group>"; };
		D7E33D9B2A28E44C0085D574 /* MessageModel.swift */ = {isa = PBXFileReference; lastKnownFileType = sourcecode.swift; path = MessageModel.swift; sourceTree = "<group>"; };
		D7E33D9F2A28E5B70085D574 /* ChatTextfieldVC.swift */ = {isa = PBXFileReference; lastKnownFileType = sourcecode.swift; path = ChatTextfieldVC.swift; sourceTree = "<group>"; };
		D7EDF9ED2A28CC68003E8D1D /* NetworkManager.swift */ = {isa = PBXFileReference; lastKnownFileType = sourcecode.swift; path = NetworkManager.swift; sourceTree = "<group>"; };
		D7EDF9EF2A28CCA0003E8D1D /* NetworkProtocol.swift */ = {isa = PBXFileReference; lastKnownFileType = sourcecode.swift; path = NetworkProtocol.swift; sourceTree = "<group>"; };
		D7EDF9F22A28CDD8003E8D1D /* ErrorMessage.swift */ = {isa = PBXFileReference; lastKnownFileType = sourcecode.swift; path = ErrorMessage.swift; sourceTree = "<group>"; };
		D7EDF9F42A28D1B6003E8D1D /* Endpoints.swift */ = {isa = PBXFileReference; lastKnownFileType = sourcecode.swift; path = Endpoints.swift; sourceTree = "<group>"; };
/* End PBXFileReference section */

/* Begin PBXFrameworksBuildPhase section */
		D73E522E2A28B8700019BC95 /* Frameworks */ = {
			isa = PBXFrameworksBuildPhase;
			buildActionMask = 2147483647;
			files = (
			);
			runOnlyForDeploymentPostprocessing = 0;
		};
/* End PBXFrameworksBuildPhase section */

/* Begin PBXGroup section */
		D73E52282A28B8700019BC95 = {
			isa = PBXGroup;
			children = (
				D73E52332A28B8700019BC95 /* NumiaChat */,
				D73E52322A28B8700019BC95 /* Products */,
			);
			indentWidth = 4;
			sourceTree = "<group>";
			tabWidth = 2;
		};
		D73E52322A28B8700019BC95 /* Products */ = {
			isa = PBXGroup;
			children = (
				D73E52312A28B8700019BC95 /* NumiaChat.app */,
			);
			name = Products;
			sourceTree = "<group>";
		};
		D73E52332A28B8700019BC95 /* NumiaChat */ = {
			isa = PBXGroup;
			children = (
				D75BCF742A28BBD4009855F9 /* AppSceneDelegates */,
				D7EDF9E92A28CB6E003E8D1D /* Screens */,
				D7E33D9D2A28E55C0085D574 /* CustomViews */,
				D7E33D9A2A28E4350085D574 /* Models */,
				D7EDF9EB2A28CBF2003E8D1D /* Managers */,
				D7EDF9F12A28CDBB003E8D1D /* Utilities */,
				D75BCF732A28BBC6009855F9 /* Support */,
				D73E52422A28B8720019BC95 /* Info.plist */,
			);
			path = NumiaChat;
			sourceTree = "<group>";
		};
		D75BCF732A28BBC6009855F9 /* Support */ = {
			isa = PBXGroup;
			children = (
				D73E523D2A28B8720019BC95 /* Assets.xcassets */,
				D73E523F2A28B8720019BC95 /* LaunchScreen.storyboard */,
			);
			path = Support;
			sourceTree = "<group>";
		};
		D75BCF742A28BBD4009855F9 /* AppSceneDelegates */ = {
			isa = PBXGroup;
			children = (
				D73E52342A28B8700019BC95 /* AppDelegate.swift */,
				D73E52362A28B8700019BC95 /* SceneDelegate.swift */,
			);
			path = AppSceneDelegates;
			sourceTree = "<group>";
		};
		D77EE8EB2A2923F20023EC07 /* TextFields */ = {
			isa = PBXGroup;
			children = (
				D77EE8E92A2922E30023EC07 /* NCTextField.swift */,
			);
			path = TextFields;
			sourceTree = "<group>";
		};
		D77EE8EC2A2924DE0023EC07 /* Buttons */ = {
			isa = PBXGroup;
			children = (
				D77EE8ED2A2924F80023EC07 /* NCSendButton.swift */,
			);
			path = Buttons;
			sourceTree = "<group>";
		};
		D77EE8EF2A2929050023EC07 /* Labels */ = {
			isa = PBXGroup;
			children = (
				D77EE8F02A2929180023EC07 /* NCTitleLabel.swift */,
				D7A94F012A2A233F00835299 /* NCBodyLabel.swift */,
			);
			path = Labels;
			sourceTree = "<group>";
		};
		D77EE8F22A2936170023EC07 /* Extensions */ = {
			isa = PBXGroup;
			children = (
				D77EE8F32A2936310023EC07 /* UIViewControllerExt.swift */,
				D7A94F072A2A307200835299 /* DateExt.swift */,
				D7BBD46D2A2DF4EB005619C7 /* TableViewExt.swift */,
			);
			path = Extensions;
			sourceTree = "<group>";
		};
		D77EE8F52A293A610023EC07 /* Cells */ = {
			isa = PBXGroup;
			children = (
				D77EE8F62A293A830023EC07 /* MessageCell.swift */,
			);
			path = Cells;
			sourceTree = "<group>";
		};
		D79B8C7C2A2B557D003786F0 /* Views */ = {
			isa = PBXGroup;
			children = (
				D77EE8FC2A29B4DF0023EC07 /* ImageView.swift */,
				D79B8C7D2A2B5595003786F0 /* EmptyView.swift */,
				D7C96DEB2A2CCF970051CD49 /* MessageContainer.swift */,
			);
			path = Views;
			sourceTree = "<group>";
		};
		D7A94F092A2A4BEA00835299 /* ModuleBuilder */ = {
			isa = PBXGroup;
			children = (
				D7A94F0A2A2A4C0200835299 /* ModuleBuilder.swift */,
			);
			path = ModuleBuilder;
			sourceTree = "<group>";
		};
		D7BBD46C2A2DD8D8005619C7 /* DetailMessageScreen */ = {
			isa = PBXGroup;
			children = (
				D7AE40892A2C924100FEB944 /* DetailMessageVC.swift */,
			);
			path = DetailMessageScreen;
			sourceTree = "<group>";
		};
		D7C96DF22A2D11110051CD49 /* DataServices */ = {
			isa = PBXGroup;
			children = (
				D7C96DFC2A2D13590051CD49 /* CoreData */,
			);
			path = DataServices;
			sourceTree = "<group>";
		};
		D7C96DFC2A2D13590051CD49 /* CoreData */ = {
			isa = PBXGroup;
			children = (
				D7BBD46A2A2DB492005619C7 /* StorageManager.swift */,
				D7C96DFD2A2D138E0051CD49 /* CoreDataStack.swift */,
				D7C96DF32A2D11380051CD49 /* Messages.xcdatamodeld */,
				D7C96DFF2A2D14990051CD49 /* MessageModel+CoreDataClass.swift */,
				D7C96E002A2D14990051CD49 /* MessageModel+CoreDataProperties.swift */,
			);
			path = CoreData;
			sourceTree = "<group>";
		};
		D7E33D9A2A28E4350085D574 /* Models */ = {
			isa = PBXGroup;
			children = (
				D7E33D9B2A28E44C0085D574 /* MessageModel.swift */,
				D7A94F052A2A2A3600835299 /* MessageResponse.swift */,
			);
			path = Models;
			sourceTree = "<group>";
		};
		D7E33D9D2A28E55C0085D574 /* CustomViews */ = {
			isa = PBXGroup;
			children = (
				D77EE8F52A293A610023EC07 /* Cells */,
				D77EE8EF2A2929050023EC07 /* Labels */,
				D77EE8EC2A2924DE0023EC07 /* Buttons */,
				D7E33D9E2A28E57F0085D574 /* ViewControllers */,
				D77EE8EB2A2923F20023EC07 /* TextFields */,
				D79B8C7C2A2B557D003786F0 /* Views */,
			);
			path = CustomViews;
			sourceTree = "<group>";
		};
		D7E33D9E2A28E57F0085D574 /* ViewControllers */ = {
			isa = PBXGroup;
			children = (
				D7E33D9F2A28E5B70085D574 /* ChatTextfieldVC.swift */,
				D7AE408B2A2C93B800FEB944 /* UserInfoHeaderVC.swift */,
				D7BBD46F2A2DFBDF005619C7 /* DataLoadingView.swift */,
			);
			path = ViewControllers;
			sourceTree = "<group>";
		};
		D7EDF9E92A28CB6E003E8D1D /* Screens */ = {
			isa = PBXGroup;
			children = (
				D7A94F092A2A4BEA00835299 /* ModuleBuilder */,
				D7EDF9EA2A28CB7D003E8D1D /* MainScreen */,
				D7BBD46C2A2DD8D8005619C7 /* DetailMessageScreen */,
			);
			path = Screens;
			sourceTree = "<group>";
		};
		D7EDF9EA2A28CB7D003E8D1D /* MainScreen */ = {
			isa = PBXGroup;
			children = (
				D73E52382A28B8700019BC95 /* MainScreenViewController.swift */,
				D7A94F032A2A255700835299 /* MainScreenPresenter.swift */,
			);
			path = MainScreen;
			sourceTree = "<group>";
		};
		D7EDF9EB2A28CBF2003E8D1D /* Managers */ = {
			isa = PBXGroup;
			children = (
				D7C96DF22A2D11110051CD49 /* DataServices */,
				D7EDF9EC2A28CC3C003E8D1D /* Network */,
			);
			path = Managers;
			sourceTree = "<group>";
		};
		D7EDF9EC2A28CC3C003E8D1D /* Network */ = {
			isa = PBXGroup;
			children = (
				D7EDF9EF2A28CCA0003E8D1D /* NetworkProtocol.swift */,
				D7EDF9ED2A28CC68003E8D1D /* NetworkManager.swift */,
				D7EDF9F42A28D1B6003E8D1D /* Endpoints.swift */,
			);
			path = Network;
			sourceTree = "<group>";
		};
		D7EDF9F12A28CDBB003E8D1D /* Utilities */ = {
			isa = PBXGroup;
			children = (
				D7EDF9F22A28CDD8003E8D1D /* ErrorMessage.swift */,
				D77EE8F82A293AE80023EC07 /* Constants.swift */,
				D77EE8F22A2936170023EC07 /* Extensions */,
			);
			path = Utilities;
			sourceTree = "<group>";
		};
/* End PBXGroup section */

/* Begin PBXNativeTarget section */
		D73E52302A28B8700019BC95 /* NumiaChat */ = {
			isa = PBXNativeTarget;
			buildConfigurationList = D73E52452A28B8730019BC95 /* Build configuration list for PBXNativeTarget "NumiaChat" */;
			buildPhases = (
				D73E522D2A28B8700019BC95 /* Sources */,
				D73E522E2A28B8700019BC95 /* Frameworks */,
				D73E522F2A28B8700019BC95 /* Resources */,
			);
			buildRules = (
			);
			dependencies = (
			);
			name = NumiaChat;
			productName = NumiaChat;
			productReference = D73E52312A28B8700019BC95 /* NumiaChat.app */;
			productType = "com.apple.product-type.application";
		};
/* End PBXNativeTarget section */

/* Begin PBXProject section */
		D73E52292A28B8700019BC95 /* Project object */ = {
			isa = PBXProject;
			attributes = {
				BuildIndependentTargetsInParallel = 1;
				LastSwiftUpdateCheck = 1420;
				LastUpgradeCheck = 1420;
				TargetAttributes = {
					D73E52302A28B8700019BC95 = {
						CreatedOnToolsVersion = 14.2;
					};
				};
			};
			buildConfigurationList = D73E522C2A28B8700019BC95 /* Build configuration list for PBXProject "NumiaChat" */;
			compatibilityVersion = "Xcode 14.0";
			developmentRegion = en;
			hasScannedForEncodings = 0;
			knownRegions = (
				en,
				Base,
			);
			mainGroup = D73E52282A28B8700019BC95;
			productRefGroup = D73E52322A28B8700019BC95 /* Products */;
			projectDirPath = "";
			projectRoot = "";
			targets = (
				D73E52302A28B8700019BC95 /* NumiaChat */,
			);
		};
/* End PBXProject section */

/* Begin PBXResourcesBuildPhase section */
		D73E522F2A28B8700019BC95 /* Resources */ = {
			isa = PBXResourcesBuildPhase;
			buildActionMask = 2147483647;
			files = (
				D73E52412A28B8720019BC95 /* LaunchScreen.storyboard in Resources */,
				D73E523E2A28B8720019BC95 /* Assets.xcassets in Resources */,
			);
			runOnlyForDeploymentPostprocessing = 0;
		};
/* End PBXResourcesBuildPhase section */

/* Begin PBXSourcesBuildPhase section */
		D73E522D2A28B8700019BC95 /* Sources */ = {
			isa = PBXSourcesBuildPhase;
			buildActionMask = 2147483647;
			files = (
				D77EE8F42A2936310023EC07 /* UIViewControllerExt.swift in Sources */,
				D7EDF9EE2A28CC68003E8D1D /* NetworkManager.swift in Sources */,
				D79B8C7E2A2B5595003786F0 /* EmptyView.swift in Sources */,
				D7BBD4702A2DFBDF005619C7 /* DataLoadingView.swift in Sources */,
				D7C96DEC2A2CCF970051CD49 /* MessageContainer.swift in Sources */,
				D73E52392A28B8700019BC95 /* MainScreenViewController.swift in Sources */,
				D7AE408C2A2C93B800FEB944 /* UserInfoHeaderVC.swift in Sources */,
				D77EE8EE2A2924F80023EC07 /* NCSendButton.swift in Sources */,
				D7EDF9F32A28CDD8003E8D1D /* ErrorMessage.swift in Sources */,
				D77EE8F92A293AE80023EC07 /* Constants.swift in Sources */,
				D7C96DF52A2D11380051CD49 /* Messages.xcdatamodeld in Sources */,
				D7C96E022A2D14990051CD49 /* MessageModel+CoreDataProperties.swift in Sources */,
				D7E33DA02A28E5B70085D574 /* ChatTextfieldVC.swift in Sources */,
				D7A94F082A2A307300835299 /* DateExt.swift in Sources */,
				D7EDF9F52A28D1B6003E8D1D /* Endpoints.swift in Sources */,
				D77EE8FD2A29B4DF0023EC07 /* ImageView.swift in Sources */,
				D7C96E012A2D14990051CD49 /* MessageModel+CoreDataClass.swift in Sources */,
				D7C96DFE2A2D138E0051CD49 /* CoreDataStack.swift in Sources */,
				D7A94F022A2A233F00835299 /* NCBodyLabel.swift in Sources */,
				D7A94F0B2A2A4C0200835299 /* ModuleBuilder.swift in Sources */,
				D7EDF9F02A28CCA1003E8D1D /* NetworkProtocol.swift in Sources */,
				D7A94F042A2A255700835299 /* MainScreenPresenter.swift in Sources */,
				D7E33D9C2A28E44C0085D574 /* MessageModel.swift in Sources */,
				D77EE8F12A2929180023EC07 /* NCTitleLabel.swift in Sources */,
				D7AE408A2A2C924100FEB944 /* DetailMessageVC.swift in Sources */,
				D73E52352A28B8700019BC95 /* AppDelegate.swift in Sources */,
				D7A94F062A2A2A3600835299 /* MessageResponse.swift in Sources */,
				D7BBD46E2A2DF4EB005619C7 /* TableViewExt.swift in Sources */,
				D77EE8EA2A2922E30023EC07 /* NCTextField.swift in Sources */,
				D7BBD46B2A2DB492005619C7 /* StorageManager.swift in Sources */,
				D73E52372A28B8700019BC95 /* SceneDelegate.swift in Sources */,
				D77EE8F72A293A830023EC07 /* MessageCell.swift in Sources */,
			);
			runOnlyForDeploymentPostprocessing = 0;
		};
/* End PBXSourcesBuildPhase section */

/* Begin PBXVariantGroup section */
		D73E523F2A28B8720019BC95 /* LaunchScreen.storyboard */ = {
			isa = PBXVariantGroup;
			children = (
				D73E52402A28B8720019BC95 /* Base */,
			);
			name = LaunchScreen.storyboard;
			sourceTree = "<group>";
		};
/* End PBXVariantGroup section */

/* Begin XCBuildConfiguration section */
		D73E52432A28B8730019BC95 /* Debug */ = {
			isa = XCBuildConfiguration;
			buildSettings = {
				ALWAYS_SEARCH_USER_PATHS = NO;
				CLANG_ANALYZER_NONNULL = YES;
				CLANG_ANALYZER_NUMBER_OBJECT_CONVERSION = YES_AGGRESSIVE;
				CLANG_CXX_LANGUAGE_STANDARD = "gnu++20";
				CLANG_ENABLE_MODULES = YES;
				CLANG_ENABLE_OBJC_ARC = YES;
				CLANG_ENABLE_OBJC_WEAK = YES;
				CLANG_WARN_BLOCK_CAPTURE_AUTORELEASING = YES;
				CLANG_WARN_BOOL_CONVERSION = YES;
				CLANG_WARN_COMMA = YES;
				CLANG_WARN_CONSTANT_CONVERSION = YES;
				CLANG_WARN_DEPRECATED_OBJC_IMPLEMENTATIONS = YES;
				CLANG_WARN_DIRECT_OBJC_ISA_USAGE = YES_ERROR;
				CLANG_WARN_DOCUMENTATION_COMMENTS = YES;
				CLANG_WARN_EMPTY_BODY = YES;
				CLANG_WARN_ENUM_CONVERSION = YES;
				CLANG_WARN_INFINITE_RECURSION = YES;
				CLANG_WARN_INT_CONVERSION = YES;
				CLANG_WARN_NON_LITERAL_NULL_CONVERSION = YES;
				CLANG_WARN_OBJC_IMPLICIT_RETAIN_SELF = YES;
				CLANG_WARN_OBJC_LITERAL_CONVERSION = YES;
				CLANG_WARN_OBJC_ROOT_CLASS = YES_ERROR;
				CLANG_WARN_QUOTED_INCLUDE_IN_FRAMEWORK_HEADER = YES;
				CLANG_WARN_RANGE_LOOP_ANALYSIS = YES;
				CLANG_WARN_STRICT_PROTOTYPES = YES;
				CLANG_WARN_SUSPICIOUS_MOVE = YES;
				CLANG_WARN_UNGUARDED_AVAILABILITY = YES_AGGRESSIVE;
				CLANG_WARN_UNREACHABLE_CODE = YES;
				CLANG_WARN__DUPLICATE_METHOD_MATCH = YES;
				COPY_PHASE_STRIP = NO;
				DEBUG_INFORMATION_FORMAT = dwarf;
				ENABLE_STRICT_OBJC_MSGSEND = YES;
				ENABLE_TESTABILITY = YES;
				GCC_C_LANGUAGE_STANDARD = gnu11;
				GCC_DYNAMIC_NO_PIC = NO;
				GCC_NO_COMMON_BLOCKS = YES;
				GCC_OPTIMIZATION_LEVEL = 0;
				GCC_PREPROCESSOR_DEFINITIONS = (
					"DEBUG=1",
					"$(inherited)",
				);
				GCC_WARN_64_TO_32_BIT_CONVERSION = YES;
				GCC_WARN_ABOUT_RETURN_TYPE = YES_ERROR;
				GCC_WARN_UNDECLARED_SELECTOR = YES;
				GCC_WARN_UNINITIALIZED_AUTOS = YES_AGGRESSIVE;
				GCC_WARN_UNUSED_FUNCTION = YES;
				GCC_WARN_UNUSED_VARIABLE = YES;
				IPHONEOS_DEPLOYMENT_TARGET = 16.2;
				MTL_ENABLE_DEBUG_INFO = INCLUDE_SOURCE;
				MTL_FAST_MATH = YES;
				ONLY_ACTIVE_ARCH = YES;
				SDKROOT = iphoneos;
				SWIFT_ACTIVE_COMPILATION_CONDITIONS = DEBUG;
				SWIFT_OPTIMIZATION_LEVEL = "-Onone";
			};
			name = Debug;
		};
		D73E52442A28B8730019BC95 /* Release */ = {
			isa = XCBuildConfiguration;
			buildSettings = {
				ALWAYS_SEARCH_USER_PATHS = NO;
				CLANG_ANALYZER_NONNULL = YES;
				CLANG_ANALYZER_NUMBER_OBJECT_CONVERSION = YES_AGGRESSIVE;
				CLANG_CXX_LANGUAGE_STANDARD = "gnu++20";
				CLANG_ENABLE_MODULES = YES;
				CLANG_ENABLE_OBJC_ARC = YES;
				CLANG_ENABLE_OBJC_WEAK = YES;
				CLANG_WARN_BLOCK_CAPTURE_AUTORELEASING = YES;
				CLANG_WARN_BOOL_CONVERSION = YES;
				CLANG_WARN_COMMA = YES;
				CLANG_WARN_CONSTANT_CONVERSION = YES;
				CLANG_WARN_DEPRECATED_OBJC_IMPLEMENTATIONS = YES;
				CLANG_WARN_DIRECT_OBJC_ISA_USAGE = YES_ERROR;
				CLANG_WARN_DOCUMENTATION_COMMENTS = YES;
				CLANG_WARN_EMPTY_BODY = YES;
				CLANG_WARN_ENUM_CONVERSION = YES;
				CLANG_WARN_INFINITE_RECURSION = YES;
				CLANG_WARN_INT_CONVERSION = YES;
				CLANG_WARN_NON_LITERAL_NULL_CONVERSION = YES;
				CLANG_WARN_OBJC_IMPLICIT_RETAIN_SELF = YES;
				CLANG_WARN_OBJC_LITERAL_CONVERSION = YES;
				CLANG_WARN_OBJC_ROOT_CLASS = YES_ERROR;
				CLANG_WARN_QUOTED_INCLUDE_IN_FRAMEWORK_HEADER = YES;
				CLANG_WARN_RANGE_LOOP_ANALYSIS = YES;
				CLANG_WARN_STRICT_PROTOTYPES = YES;
				CLANG_WARN_SUSPICIOUS_MOVE = YES;
				CLANG_WARN_UNGUARDED_AVAILABILITY = YES_AGGRESSIVE;
				CLANG_WARN_UNREACHABLE_CODE = YES;
				CLANG_WARN__DUPLICATE_METHOD_MATCH = YES;
				COPY_PHASE_STRIP = NO;
				DEBUG_INFORMATION_FORMAT = "dwarf-with-dsym";
				ENABLE_NS_ASSERTIONS = NO;
				ENABLE_STRICT_OBJC_MSGSEND = YES;
				GCC_C_LANGUAGE_STANDARD = gnu11;
				GCC_NO_COMMON_BLOCKS = YES;
				GCC_WARN_64_TO_32_BIT_CONVERSION = YES;
				GCC_WARN_ABOUT_RETURN_TYPE = YES_ERROR;
				GCC_WARN_UNDECLARED_SELECTOR = YES;
				GCC_WARN_UNINITIALIZED_AUTOS = YES_AGGRESSIVE;
				GCC_WARN_UNUSED_FUNCTION = YES;
				GCC_WARN_UNUSED_VARIABLE = YES;
				IPHONEOS_DEPLOYMENT_TARGET = 16.2;
				MTL_ENABLE_DEBUG_INFO = NO;
				MTL_FAST_MATH = YES;
				SDKROOT = iphoneos;
				SWIFT_COMPILATION_MODE = wholemodule;
				SWIFT_OPTIMIZATION_LEVEL = "-O";
				VALIDATE_PRODUCT = YES;
			};
			name = Release;
		};
		D73E52462A28B8730019BC95 /* Debug */ = {
			isa = XCBuildConfiguration;
			buildSettings = {
				ASSETCATALOG_COMPILER_APPICON_NAME = AppIcon;
				ASSETCATALOG_COMPILER_GLOBAL_ACCENT_COLOR_NAME = AccentColor;
				CODE_SIGN_STYLE = Automatic;
				CURRENT_PROJECT_VERSION = 1;
				DEVELOPMENT_TEAM = 95D5HHTHLU;
				GENERATE_INFOPLIST_FILE = YES;
				INFOPLIST_FILE = NumiaChat/Info.plist;
				INFOPLIST_KEY_UIApplicationSupportsIndirectInputEvents = YES;
				INFOPLIST_KEY_UILaunchStoryboardName = LaunchScreen;
				INFOPLIST_KEY_UISupportedInterfaceOrientations_iPad = "UIInterfaceOrientationPortrait UIInterfaceOrientationPortraitUpsideDown UIInterfaceOrientationLandscapeLeft UIInterfaceOrientationLandscapeRight";
				INFOPLIST_KEY_UISupportedInterfaceOrientations_iPhone = "UIInterfaceOrientationPortrait UIInterfaceOrientationLandscapeLeft UIInterfaceOrientationLandscapeRight";
				IPHONEOS_DEPLOYMENT_TARGET = 13;
				LD_RUNPATH_SEARCH_PATHS = (
					"$(inherited)",
					"@executable_path/Frameworks",
				);
				MARKETING_VERSION = 1.0;
				PRODUCT_BUNDLE_IDENTIFIER = MichailDev.NumiaChat;
				PRODUCT_NAME = "$(TARGET_NAME)";
				SUPPORTED_PLATFORMS = "iphoneos iphonesimulator";
				SUPPORTS_MACCATALYST = NO;
				SUPPORTS_MAC_DESIGNED_FOR_IPHONE_IPAD = NO;
				SWIFT_EMIT_LOC_STRINGS = YES;
				SWIFT_VERSION = 5.0;
				TARGETED_DEVICE_FAMILY = "1,2";
			};
			name = Debug;
		};
		D73E52472A28B8730019BC95 /* Release */ = {
			isa = XCBuildConfiguration;
			buildSettings = {
				ASSETCATALOG_COMPILER_APPICON_NAME = AppIcon;
				ASSETCATALOG_COMPILER_GLOBAL_ACCENT_COLOR_NAME = AccentColor;
				CODE_SIGN_STYLE = Automatic;
				CURRENT_PROJECT_VERSION = 1;
				DEVELOPMENT_TEAM = 95D5HHTHLU;
				GENERATE_INFOPLIST_FILE = YES;
				INFOPLIST_FILE = NumiaChat/Info.plist;
				INFOPLIST_KEY_UIApplicationSupportsIndirectInputEvents = YES;
				INFOPLIST_KEY_UILaunchStoryboardName = LaunchScreen;
				INFOPLIST_KEY_UISupportedInterfaceOrientations_iPad = "UIInterfaceOrientationPortrait UIInterfaceOrientationPortraitUpsideDown UIInterfaceOrientationLandscapeLeft UIInterfaceOrientationLandscapeRight";
				INFOPLIST_KEY_UISupportedInterfaceOrientations_iPhone = "UIInterfaceOrientationPortrait UIInterfaceOrientationLandscapeLeft UIInterfaceOrientationLandscapeRight";
				IPHONEOS_DEPLOYMENT_TARGET = 13;
				LD_RUNPATH_SEARCH_PATHS = (
					"$(inherited)",
					"@executable_path/Frameworks",
				);
				MARKETING_VERSION = 1.0;
				PRODUCT_BUNDLE_IDENTIFIER = MichailDev.NumiaChat;
				PRODUCT_NAME = "$(TARGET_NAME)";
				SUPPORTED_PLATFORMS = "iphoneos iphonesimulator";
				SUPPORTS_MACCATALYST = NO;
				SUPPORTS_MAC_DESIGNED_FOR_IPHONE_IPAD = NO;
				SWIFT_EMIT_LOC_STRINGS = YES;
				SWIFT_VERSION = 5.0;
				TARGETED_DEVICE_FAMILY = "1,2";
			};
			name = Release;
		};
/* End XCBuildConfiguration section */

/* Begin XCConfigurationList section */
		D73E522C2A28B8700019BC95 /* Build configuration list for PBXProject "NumiaChat" */ = {
			isa = XCConfigurationList;
			buildConfigurations = (
				D73E52432A28B8730019BC95 /* Debug */,
				D73E52442A28B8730019BC95 /* Release */,
			);
			defaultConfigurationIsVisible = 0;
			defaultConfigurationName = Release;
		};
		D73E52452A28B8730019BC95 /* Build configuration list for PBXNativeTarget "NumiaChat" */ = {
			isa = XCConfigurationList;
			buildConfigurations = (
				D73E52462A28B8730019BC95 /* Debug */,
				D73E52472A28B8730019BC95 /* Release */,
			);
			defaultConfigurationIsVisible = 0;
			defaultConfigurationName = Release;
		};
/* End XCConfigurationList section */

/* Begin XCVersionGroup section */
		D7C96DF32A2D11380051CD49 /* Messages.xcdatamodeld */ = {
			isa = XCVersionGroup;
			children = (
				D7C96DF42A2D11380051CD49 /* Message.xcdatamodel */,
			);
			currentVersion = D7C96DF42A2D11380051CD49 /* Message.xcdatamodel */;
			path = Messages.xcdatamodeld;
			sourceTree = "<group>";
			versionGroupType = wrapper.xcdatamodel;
		};
/* End XCVersionGroup section */
	};
	rootObject = D73E52292A28B8700019BC95 /* Project object */;
}
